
Microsoft Visual Studio Solution File, Format Version 12.00
# Visual Studio Version 17
VisualStudioVersion = 17.10.34928.147
MinimumVisualStudioVersion = 10.0.40219.1
Project("{FAE04EC0-301F-11D3-BF4B-00C04F79EFBC}") = "STARListener", "STARListener.csproj", "{0AE302CA-03C6-4F89-BA4B-24581B0F805E}"
EndProject
Global
	GlobalSection(SolutionConfigurationPlatforms) = preSolution
		Debug|Any CPU = Debug|Any CPU
		Release|Any CPU = Release|Any CPU
	EndGlobalSection
	GlobalSection(ProjectConfigurationPlatforms) = postSolution
		{0AE302CA-03C6-4F89-BA4B-24581B0F805E}.Debug|Any CPU.ActiveCfg = Debug|Any CPU
		{0AE302CA-03C6-4F89-BA4B-24581B0F805E}.Debug|Any CPU.Build.0 = Debug|Any CPU
		{0AE302CA-03C6-4F89-BA4B-24581B0F805E}.Release|Any CPU.ActiveCfg = Release|Any CPU
		{0AE302CA-03C6-4F89-BA4B-24581B0F805E}.Release|Any CPU.Build.0 = Release|Any CPU
	EndGlobalSection
	GlobalSection(SolutionProperties) = preSolution
		HideSolutionNode = FALSE
	EndGlobalSection
	GlobalSection(ExtensibilityGlobals) = postSolution
		SolutionGuid = {0773F7A1-3C64-4A8D-AA96-6C0C088F13EC}
	EndGlobalSection
EndGlobal
